
Microsoft Visual Studio Solution File, Format Version 12.00
# Visual Studio Version 16
VisualStudioVersion = 16.0.31424.327
MinimumVisualStudioVersion = 10.0.40219.1
Project("{888888A0-9F3D-457C-B088-3A5042F75D52}") = "EStilesPyProject5_5", "EStilesPyProject5_5.pyproj", "{F9FD1E44-2E9F-46B7-A9FF-A96BFD8EC922}"
EndProject
Global
	GlobalSection(SolutionConfigurationPlatforms) = preSolution
		Debug|Any CPU = Debug|Any CPU
		Release|Any CPU = Release|Any CPU
	EndGlobalSection
	GlobalSection(ProjectConfigurationPlatforms) = postSolution
		{F9FD1E44-2E9F-46B7-A9FF-A96BFD8EC922}.Debug|Any CPU.ActiveCfg = Debug|Any CPU
		{F9FD1E44-2E9F-46B7-A9FF-A96BFD8EC922}.Release|Any CPU.ActiveCfg = Release|Any CPU
	EndGlobalSection
	GlobalSection(SolutionProperties) = preSolution
		HideSolutionNode = FALSE
	EndGlobalSection
	GlobalSection(ExtensibilityGlobals) = postSolution
		SolutionGuid = {49A9D433-9E12-410C-8D14-438ACA9D57FE}
	EndGlobalSection
EndGlobal
